// !$*UTF8*$!
{
	archiveVersion = 1;
	classes = {
	};
	objectVersion = 52;
	objects = {

/* Begin PBXBuildFile section */
		673404AC24B1A97F00D9D77D /* MessagingViewModel.swift in Sources */ = {isa = PBXBuildFile; fileRef = 673404AB24B1A97F00D9D77D /* MessagingViewModel.swift */; };
		6750E6BD24ADBA1800F25B51 /* AppDelegate.swift in Sources */ = {isa = PBXBuildFile; fileRef = 6750E6BC24ADBA1800F25B51 /* AppDelegate.swift */; };
		6750E6BF24ADBA1800F25B51 /* SceneDelegate.swift in Sources */ = {isa = PBXBuildFile; fileRef = 6750E6BE24ADBA1800F25B51 /* SceneDelegate.swift */; };
		6750E6C424ADBA1800F25B51 /* Main.storyboard in Resources */ = {isa = PBXBuildFile; fileRef = 6750E6C224ADBA1800F25B51 /* Main.storyboard */; };
		6750E6C624ADBA1A00F25B51 /* Assets.xcassets in Resources */ = {isa = PBXBuildFile; fileRef = 6750E6C524ADBA1A00F25B51 /* Assets.xcassets */; };
		6750E6C924ADBA1A00F25B51 /* LaunchScreen.storyboard in Resources */ = {isa = PBXBuildFile; fileRef = 6750E6C724ADBA1A00F25B51 /* LaunchScreen.storyboard */; };
		6750E6D124ADBF1300F25B51 /* MessagingVC.swift in Sources */ = {isa = PBXBuildFile; fileRef = 6750E6D024ADBF1300F25B51 /* MessagingVC.swift */; };
		6750E6D324ADC22B00F25B51 /* LoginVC.swift in Sources */ = {isa = PBXBuildFile; fileRef = 6750E6D224ADC22B00F25B51 /* LoginVC.swift */; };
		6750E6D524ADC46300F25B51 /* MessageModel.swift in Sources */ = {isa = PBXBuildFile; fileRef = 6750E6D424ADC46300F25B51 /* MessageModel.swift */; };
		6750E6D724ADC84200F25B51 /* TableViewCell.swift in Sources */ = {isa = PBXBuildFile; fileRef = 6750E6D624ADC84200F25B51 /* TableViewCell.swift */; };
		6750E6DA24ADCECA00F25B51 /* Starscream in Frameworks */ = {isa = PBXBuildFile; productRef = 6750E6D924ADCECA00F25B51 /* Starscream */; };
		6750E6E324AE378500F25B51 /* SwiftyJSON in Frameworks */ = {isa = PBXBuildFile; productRef = 6750E6E224AE378500F25B51 /* SwiftyJSON */; };
		6750E6E624AE4AB000F25B51 /* UITableViewDatasource.swift in Sources */ = {isa = PBXBuildFile; fileRef = 6750E6E524AE4AB000F25B51 /* UITableViewDatasource.swift */; };
		6750E6E824AE4B0400F25B51 /* UITableViewDelegate.swift in Sources */ = {isa = PBXBuildFile; fileRef = 6750E6E724AE4B0400F25B51 /* UITableViewDelegate.swift */; };
		6750E6EA24AE4B4A00F25B51 /* WebSocketDelegate.swift in Sources */ = {isa = PBXBuildFile; fileRef = 6750E6E924AE4B4A00F25B51 /* WebSocketDelegate.swift */; };
		6750E6EE24AF436700F25B51 /* CustomLoginTextField.swift in Sources */ = {isa = PBXBuildFile; fileRef = 6750E6ED24AF436700F25B51 /* CustomLoginTextField.swift */; };
		6750E6F024AF4B2C00F25B51 /* UITextFieldDelegate1.swift in Sources */ = {isa = PBXBuildFile; fileRef = 6750E6EF24AF4B2C00F25B51 /* UITextFieldDelegate1.swift */; };
		6750E6F424AF7DB600F25B51 /* UITextFieldDelegate2.swift in Sources */ = {isa = PBXBuildFile; fileRef = 6750E6F324AF7DB600F25B51 /* UITextFieldDelegate2.swift */; };
		6750E6FA24B0767700F25B51 /* UITableView.swift in Sources */ = {isa = PBXBuildFile; fileRef = 6750E6F924B0767700F25B51 /* UITableView.swift */; };
		6750E6FF24B07C1900F25B51 /* LoginViewModel.swift in Sources */ = {isa = PBXBuildFile; fileRef = 6750E6FE24B07C1900F25B51 /* LoginViewModel.swift */; };
/* End PBXBuildFile section */

/* Begin PBXFileReference section */
		673404AB24B1A97F00D9D77D /* MessagingViewModel.swift */ = {isa = PBXFileReference; lastKnownFileType = sourcecode.swift; path = MessagingViewModel.swift; sourceTree = "<group>"; };
		6750E6B924ADBA1800F25B51 /* Messaging app (WebSocket).app */ = {isa = PBXFileReference; explicitFileType = wrapper.application; includeInIndex = 0; path = "Messaging app (WebSocket).app"; sourceTree = BUILT_PRODUCTS_DIR; };
		6750E6BC24ADBA1800F25B51 /* AppDelegate.swift */ = {isa = PBXFileReference; lastKnownFileType = sourcecode.swift; path = AppDelegate.swift; sourceTree = "<group>"; };
		6750E6BE24ADBA1800F25B51 /* SceneDelegate.swift */ = {isa = PBXFileReference; lastKnownFileType = sourcecode.swift; path = SceneDelegate.swift; sourceTree = "<group>"; };
		6750E6C324ADBA1800F25B51 /* Base */ = {isa = PBXFileReference; lastKnownFileType = file.storyboard; name = Base; path = Base.lproj/Main.storyboard; sourceTree = "<group>"; };
		6750E6C524ADBA1A00F25B51 /* Assets.xcassets */ = {isa = PBXFileReference; lastKnownFileType = folder.assetcatalog; path = Assets.xcassets; sourceTree = "<group>"; };
		6750E6C824ADBA1A00F25B51 /* Base */ = {isa = PBXFileReference; lastKnownFileType = file.storyboard; name = Base; path = Base.lproj/LaunchScreen.storyboard; sourceTree = "<group>"; };
		6750E6CA24ADBA1A00F25B51 /* Info.plist */ = {isa = PBXFileReference; lastKnownFileType = text.plist.xml; path = Info.plist; sourceTree = "<group>"; };
		6750E6D024ADBF1300F25B51 /* MessagingVC.swift */ = {isa = PBXFileReference; lastKnownFileType = sourcecode.swift; path = MessagingVC.swift; sourceTree = "<group>"; };
		6750E6D224ADC22B00F25B51 /* LoginVC.swift */ = {isa = PBXFileReference; lastKnownFileType = sourcecode.swift; path = LoginVC.swift; sourceTree = "<group>"; };
		6750E6D424ADC46300F25B51 /* MessageModel.swift */ = {isa = PBXFileReference; lastKnownFileType = sourcecode.swift; path = MessageModel.swift; sourceTree = "<group>"; };
		6750E6D624ADC84200F25B51 /* TableViewCell.swift */ = {isa = PBXFileReference; lastKnownFileType = sourcecode.swift; path = TableViewCell.swift; sourceTree = "<group>"; };
		6750E6E524AE4AB000F25B51 /* UITableViewDatasource.swift */ = {isa = PBXFileReference; lastKnownFileType = sourcecode.swift; path = UITableViewDatasource.swift; sourceTree = "<group>"; };
		6750E6E724AE4B0400F25B51 /* UITableViewDelegate.swift */ = {isa = PBXFileReference; lastKnownFileType = sourcecode.swift; path = UITableViewDelegate.swift; sourceTree = "<group>"; };
		6750E6E924AE4B4A00F25B51 /* WebSocketDelegate.swift */ = {isa = PBXFileReference; lastKnownFileType = sourcecode.swift; path = WebSocketDelegate.swift; sourceTree = "<group>"; };
		6750E6ED24AF436700F25B51 /* CustomLoginTextField.swift */ = {isa = PBXFileReference; lastKnownFileType = sourcecode.swift; path = CustomLoginTextField.swift; sourceTree = "<group>"; };
		6750E6EF24AF4B2C00F25B51 /* UITextFieldDelegate1.swift */ = {isa = PBXFileReference; lastKnownFileType = sourcecode.swift; path = UITextFieldDelegate1.swift; sourceTree = "<group>"; };
		6750E6F324AF7DB600F25B51 /* UITextFieldDelegate2.swift */ = {isa = PBXFileReference; lastKnownFileType = sourcecode.swift; path = UITextFieldDelegate2.swift; sourceTree = "<group>"; };
		6750E6F924B0767700F25B51 /* UITableView.swift */ = {isa = PBXFileReference; lastKnownFileType = sourcecode.swift; path = UITableView.swift; sourceTree = "<group>"; };
		6750E6FE24B07C1900F25B51 /* LoginViewModel.swift */ = {isa = PBXFileReference; lastKnownFileType = sourcecode.swift; path = LoginViewModel.swift; sourceTree = "<group>"; };
/* End PBXFileReference section */

/* Begin PBXFrameworksBuildPhase section */
		6750E6B624ADBA1800F25B51 /* Frameworks */ = {
			isa = PBXFrameworksBuildPhase;
			buildActionMask = 2147483647;
			files = (
				6750E6E324AE378500F25B51 /* SwiftyJSON in Frameworks */,
				6750E6DA24ADCECA00F25B51 /* Starscream in Frameworks */,
			);
			runOnlyForDeploymentPostprocessing = 0;
		};
/* End PBXFrameworksBuildPhase section */

/* Begin PBXGroup section */
		673404AD24B1B91600D9D77D /* Supporting files */ = {
			isa = PBXGroup;
			children = (
				6750E6BC24ADBA1800F25B51 /* AppDelegate.swift */,
				6750E6BE24ADBA1800F25B51 /* SceneDelegate.swift */,
				6750E6ED24AF436700F25B51 /* CustomLoginTextField.swift */,
			);
			path = "Supporting files";
			sourceTree = "<group>";
		};
		6750E6B024ADBA1800F25B51 = {
			isa = PBXGroup;
			children = (
				6750E6BB24ADBA1800F25B51 /* Messaging app (WebSocket) */,
				6750E6BA24ADBA1800F25B51 /* Products */,
			);
			sourceTree = "<group>";
		};
		6750E6BA24ADBA1800F25B51 /* Products */ = {
			isa = PBXGroup;
			children = (
				6750E6B924ADBA1800F25B51 /* Messaging app (WebSocket).app */,
			);
			name = Products;
			sourceTree = "<group>";
		};
		6750E6BB24ADBA1800F25B51 /* Messaging app (WebSocket) */ = {
			isa = PBXGroup;
			children = (
				673404AD24B1B91600D9D77D /* Supporting files */,
				6750E6FB24B07BC600F25B51 /* Model */,
				6750E6FD24B07BD700F25B51 /* View */,
				6750E6FC24B07BD100F25B51 /* ViewModel */,
				6750E6E424AE4A9900F25B51 /* Extensions */,
				6750E6C224ADBA1800F25B51 /* Main.storyboard */,
				6750E6C524ADBA1A00F25B51 /* Assets.xcassets */,
				6750E6C724ADBA1A00F25B51 /* LaunchScreen.storyboard */,
				6750E6CA24ADBA1A00F25B51 /* Info.plist */,
			);
			path = "Messaging app (WebSocket)";
			sourceTree = "<group>";
		};
		6750E6E424AE4A9900F25B51 /* Extensions */ = {
			isa = PBXGroup;
			children = (
				6750E6E524AE4AB000F25B51 /* UITableViewDatasource.swift */,
				6750E6E724AE4B0400F25B51 /* UITableViewDelegate.swift */,
				6750E6E924AE4B4A00F25B51 /* WebSocketDelegate.swift */,
				6750E6EF24AF4B2C00F25B51 /* UITextFieldDelegate1.swift */,
				6750E6F324AF7DB600F25B51 /* UITextFieldDelegate2.swift */,
				6750E6F924B0767700F25B51 /* UITableView.swift */,
			);
			path = Extensions;
			sourceTree = "<group>";
		};
		6750E6FB24B07BC600F25B51 /* Model */ = {
			isa = PBXGroup;
			children = (
				6750E6D424ADC46300F25B51 /* MessageModel.swift */,
			);
			path = Model;
			sourceTree = "<group>";
		};
		6750E6FC24B07BD100F25B51 /* ViewModel */ = {
			isa = PBXGroup;
			children = (
				6750E6FE24B07C1900F25B51 /* LoginViewModel.swift */,
				673404AB24B1A97F00D9D77D /* MessagingViewModel.swift */,
			);
			path = ViewModel;
			sourceTree = "<group>";
		};
		6750E6FD24B07BD700F25B51 /* View */ = {
			isa = PBXGroup;
			children = (
				6750E6D224ADC22B00F25B51 /* LoginVC.swift */,
				6750E6D024ADBF1300F25B51 /* MessagingVC.swift */,
				6750E6D624ADC84200F25B51 /* TableViewCell.swift */,
			);
			path = View;
			sourceTree = "<group>";
		};
/* End PBXGroup section */

/* Begin PBXNativeTarget section */
		6750E6B824ADBA1800F25B51 /* Messaging app (WebSocket) */ = {
			isa = PBXNativeTarget;
			buildConfigurationList = 6750E6CD24ADBA1A00F25B51 /* Build configuration list for PBXNativeTarget "Messaging app (WebSocket)" */;
			buildPhases = (
				6750E6B524ADBA1800F25B51 /* Sources */,
				6750E6B624ADBA1800F25B51 /* Frameworks */,
				6750E6B724ADBA1800F25B51 /* Resources */,
			);
			buildRules = (
			);
			dependencies = (
			);
			name = "Messaging app (WebSocket)";
			packageProductDependencies = (
				6750E6D924ADCECA00F25B51 /* Starscream */,
				6750E6E224AE378500F25B51 /* SwiftyJSON */,
			);
			productName = "Messaging app (WebSocket)";
			productReference = 6750E6B924ADBA1800F25B51 /* Messaging app (WebSocket).app */;
			productType = "com.apple.product-type.application";
		};
/* End PBXNativeTarget section */

/* Begin PBXProject section */
		6750E6B124ADBA1800F25B51 /* Project object */ = {
			isa = PBXProject;
			attributes = {
				LastSwiftUpdateCheck = 1150;
				LastUpgradeCheck = 1150;
				ORGANIZATIONNAME = "Oleg Eremenko";
				TargetAttributes = {
					6750E6B824ADBA1800F25B51 = {
						CreatedOnToolsVersion = 11.5;
					};
				};
			};
			buildConfigurationList = 6750E6B424ADBA1800F25B51 /* Build configuration list for PBXProject "Messaging app (WebSocket)" */;
			compatibilityVersion = "Xcode 9.3";
			developmentRegion = en;
			hasScannedForEncodings = 0;
			knownRegions = (
				en,
				Base,
			);
			mainGroup = 6750E6B024ADBA1800F25B51;
			packageReferences = (
				6750E6D824ADCECA00F25B51 /* XCRemoteSwiftPackageReference "Starscream" */,
				6750E6E124AE378500F25B51 /* XCRemoteSwiftPackageReference "SwiftyJSON" */,
			);
			productRefGroup = 6750E6BA24ADBA1800F25B51 /* Products */;
			projectDirPath = "";
			projectRoot = "";
			targets = (
				6750E6B824ADBA1800F25B51 /* Messaging app (WebSocket) */,
			);
		};
/* End PBXProject section */

/* Begin PBXResourcesBuildPhase section */
		6750E6B724ADBA1800F25B51 /* Resources */ = {
			isa = PBXResourcesBuildPhase;
			buildActionMask = 2147483647;
			files = (
				6750E6C924ADBA1A00F25B51 /* LaunchScreen.storyboard in Resources */,
				6750E6C624ADBA1A00F25B51 /* Assets.xcassets in Resources */,
				6750E6C424ADBA1800F25B51 /* Main.storyboard in Resources */,
			);
			runOnlyForDeploymentPostprocessing = 0;
		};
/* End PBXResourcesBuildPhase section */

/* Begin PBXSourcesBuildPhase section */
		6750E6B524ADBA1800F25B51 /* Sources */ = {
			isa = PBXSourcesBuildPhase;
			buildActionMask = 2147483647;
			files = (
				6750E6D524ADC46300F25B51 /* MessageModel.swift in Sources */,
				6750E6F424AF7DB600F25B51 /* UITextFieldDelegate2.swift in Sources */,
				673404AC24B1A97F00D9D77D /* MessagingViewModel.swift in Sources */,
				6750E6D324ADC22B00F25B51 /* LoginVC.swift in Sources */,
				6750E6E624AE4AB000F25B51 /* UITableViewDatasource.swift in Sources */,
				6750E6D124ADBF1300F25B51 /* MessagingVC.swift in Sources */,
				6750E6D724ADC84200F25B51 /* TableViewCell.swift in Sources */,
				6750E6FF24B07C1900F25B51 /* LoginViewModel.swift in Sources */,
				6750E6BD24ADBA1800F25B51 /* AppDelegate.swift in Sources */,
				6750E6E824AE4B0400F25B51 /* UITableViewDelegate.swift in Sources */,
				6750E6BF24ADBA1800F25B51 /* SceneDelegate.swift in Sources */,
				6750E6EA24AE4B4A00F25B51 /* WebSocketDelegate.swift in Sources */,
				6750E6FA24B0767700F25B51 /* UITableView.swift in Sources */,
				6750E6F024AF4B2C00F25B51 /* UITextFieldDelegate1.swift in Sources */,
				6750E6EE24AF436700F25B51 /* CustomLoginTextField.swift in Sources */,
			);
			runOnlyForDeploymentPostprocessing = 0;
		};
/* End PBXSourcesBuildPhase section */

/* Begin PBXVariantGroup section */
		6750E6C224ADBA1800F25B51 /* Main.storyboard */ = {
			isa = PBXVariantGroup;
			children = (
				6750E6C324ADBA1800F25B51 /* Base */,
			);
			name = Main.storyboard;
			sourceTree = "<group>";
		};
		6750E6C724ADBA1A00F25B51 /* LaunchScreen.storyboard */ = {
			isa = PBXVariantGroup;
			children = (
				6750E6C824ADBA1A00F25B51 /* Base */,
			);
			name = LaunchScreen.storyboard;
			sourceTree = "<group>";
		};
/* End PBXVariantGroup section */

/* Begin XCBuildConfiguration section */
		6750E6CB24ADBA1A00F25B51 /* Debug */ = {
			isa = XCBuildConfiguration;
			buildSettings = {
				ALWAYS_SEARCH_USER_PATHS = NO;
				CLANG_ANALYZER_NONNULL = YES;
				CLANG_ANALYZER_NUMBER_OBJECT_CONVERSION = YES_AGGRESSIVE;
				CLANG_CXX_LANGUAGE_STANDARD = "gnu++14";
				CLANG_CXX_LIBRARY = "libc++";
				CLANG_ENABLE_MODULES = YES;
				CLANG_ENABLE_OBJC_ARC = YES;
				CLANG_ENABLE_OBJC_WEAK = YES;
				CLANG_WARN_BLOCK_CAPTURE_AUTORELEASING = YES;
				CLANG_WARN_BOOL_CONVERSION = YES;
				CLANG_WARN_COMMA = YES;
				CLANG_WARN_CONSTANT_CONVERSION = YES;
				CLANG_WARN_DEPRECATED_OBJC_IMPLEMENTATIONS = YES;
				CLANG_WARN_DIRECT_OBJC_ISA_USAGE = YES_ERROR;
				CLANG_WARN_DOCUMENTATION_COMMENTS = YES;
				CLANG_WARN_EMPTY_BODY = YES;
				CLANG_WARN_ENUM_CONVERSION = YES;
				CLANG_WARN_INFINITE_RECURSION = YES;
				CLANG_WARN_INT_CONVERSION = YES;
				CLANG_WARN_NON_LITERAL_NULL_CONVERSION = YES;
				CLANG_WARN_OBJC_IMPLICIT_RETAIN_SELF = YES;
				CLANG_WARN_OBJC_LITERAL_CONVERSION = YES;
				CLANG_WARN_OBJC_ROOT_CLASS = YES_ERROR;
				CLANG_WARN_RANGE_LOOP_ANALYSIS = YES;
				CLANG_WARN_STRICT_PROTOTYPES = YES;
				CLANG_WARN_SUSPICIOUS_MOVE = YES;
				CLANG_WARN_UNGUARDED_AVAILABILITY = YES_AGGRESSIVE;
				CLANG_WARN_UNREACHABLE_CODE = YES;
				CLANG_WARN__DUPLICATE_METHOD_MATCH = YES;
				COPY_PHASE_STRIP = NO;
				DEBUG_INFORMATION_FORMAT = dwarf;
				ENABLE_STRICT_OBJC_MSGSEND = YES;
				ENABLE_TESTABILITY = YES;
				GCC_C_LANGUAGE_STANDARD = gnu11;
				GCC_DYNAMIC_NO_PIC = NO;
				GCC_NO_COMMON_BLOCKS = YES;
				GCC_OPTIMIZATION_LEVEL = 0;
				GCC_PREPROCESSOR_DEFINITIONS = (
					"DEBUG=1",
					"$(inherited)",
				);
				GCC_WARN_64_TO_32_BIT_CONVERSION = YES;
				GCC_WARN_ABOUT_RETURN_TYPE = YES_ERROR;
				GCC_WARN_UNDECLARED_SELECTOR = YES;
				GCC_WARN_UNINITIALIZED_AUTOS = YES_AGGRESSIVE;
				GCC_WARN_UNUSED_FUNCTION = YES;
				GCC_WARN_UNUSED_VARIABLE = YES;
				IPHONEOS_DEPLOYMENT_TARGET = 13.5;
				MTL_ENABLE_DEBUG_INFO = INCLUDE_SOURCE;
				MTL_FAST_MATH = YES;
				ONLY_ACTIVE_ARCH = YES;
				SDKROOT = iphoneos;
				SWIFT_ACTIVE_COMPILATION_CONDITIONS = DEBUG;
				SWIFT_OPTIMIZATION_LEVEL = "-Onone";
			};
			name = Debug;
		};
		6750E6CC24ADBA1A00F25B51 /* Release */ = {
			isa = XCBuildConfiguration;
			buildSettings = {
				ALWAYS_SEARCH_USER_PATHS = NO;
				CLANG_ANALYZER_NONNULL = YES;
				CLANG_ANALYZER_NUMBER_OBJECT_CONVERSION = YES_AGGRESSIVE;
				CLANG_CXX_LANGUAGE_STANDARD = "gnu++14";
				CLANG_CXX_LIBRARY = "libc++";
				CLANG_ENABLE_MODULES = YES;
				CLANG_ENABLE_OBJC_ARC = YES;
				CLANG_ENABLE_OBJC_WEAK = YES;
				CLANG_WARN_BLOCK_CAPTURE_AUTORELEASING = YES;
				CLANG_WARN_BOOL_CONVERSION = YES;
				CLANG_WARN_COMMA = YES;
				CLANG_WARN_CONSTANT_CONVERSION = YES;
				CLANG_WARN_DEPRECATED_OBJC_IMPLEMENTATIONS = YES;
				CLANG_WARN_DIRECT_OBJC_ISA_USAGE = YES_ERROR;
				CLANG_WARN_DOCUMENTATION_COMMENTS = YES;
				CLANG_WARN_EMPTY_BODY = YES;
				CLANG_WARN_ENUM_CONVERSION = YES;
				CLANG_WARN_INFINITE_RECURSION = YES;
				CLANG_WARN_INT_CONVERSION = YES;
				CLANG_WARN_NON_LITERAL_NULL_CONVERSION = YES;
				CLANG_WARN_OBJC_IMPLICIT_RETAIN_SELF = YES;
				CLANG_WARN_OBJC_LITERAL_CONVERSION = YES;
				CLANG_WARN_OBJC_ROOT_CLASS = YES_ERROR;
				CLANG_WARN_RANGE_LOOP_ANALYSIS = YES;
				CLANG_WARN_STRICT_PROTOTYPES = YES;
				CLANG_WARN_SUSPICIOUS_MOVE = YES;
				CLANG_WARN_UNGUARDED_AVAILABILITY = YES_AGGRESSIVE;
				CLANG_WARN_UNREACHABLE_CODE = YES;
				CLANG_WARN__DUPLICATE_METHOD_MATCH = YES;
				COPY_PHASE_STRIP = NO;
				DEBUG_INFORMATION_FORMAT = "dwarf-with-dsym";
				ENABLE_NS_ASSERTIONS = NO;
				ENABLE_STRICT_OBJC_MSGSEND = YES;
				GCC_C_LANGUAGE_STANDARD = gnu11;
				GCC_NO_COMMON_BLOCKS = YES;
				GCC_WARN_64_TO_32_BIT_CONVERSION = YES;
				GCC_WARN_ABOUT_RETURN_TYPE = YES_ERROR;
				GCC_WARN_UNDECLARED_SELECTOR = YES;
				GCC_WARN_UNINITIALIZED_AUTOS = YES_AGGRESSIVE;
				GCC_WARN_UNUSED_FUNCTION = YES;
				GCC_WARN_UNUSED_VARIABLE = YES;
				IPHONEOS_DEPLOYMENT_TARGET = 13.5;
				MTL_ENABLE_DEBUG_INFO = NO;
				MTL_FAST_MATH = YES;
				SDKROOT = iphoneos;
				SWIFT_COMPILATION_MODE = wholemodule;
				SWIFT_OPTIMIZATION_LEVEL = "-O";
				VALIDATE_PRODUCT = YES;
			};
			name = Release;
		};
		6750E6CE24ADBA1A00F25B51 /* Debug */ = {
			isa = XCBuildConfiguration;
			buildSettings = {
				ASSETCATALOG_COMPILER_APPICON_NAME = AppIcon;
				CODE_SIGN_STYLE = Automatic;
				DEVELOPMENT_TEAM = 3PHS45582J;
				INFOPLIST_FILE = "Messaging app (WebSocket)/Info.plist";
				LD_RUNPATH_SEARCH_PATHS = (
					"$(inherited)",
					"@executable_path/Frameworks",
				);
				PRODUCT_BUNDLE_IDENTIFIER = "com.oleg991.Messaging-app--WebSocket-";
				PRODUCT_NAME = "$(TARGET_NAME)";
				SWIFT_VERSION = 5.0;
				TARGETED_DEVICE_FAMILY = "1,2";
			};
			name = Debug;
		};
		6750E6CF24ADBA1A00F25B51 /* Release */ = {
			isa = XCBuildConfiguration;
			buildSettings = {
				ASSETCATALOG_COMPILER_APPICON_NAME = AppIcon;
				CODE_SIGN_STYLE = Automatic;
				DEVELOPMENT_TEAM = 3PHS45582J;
				INFOPLIST_FILE = "Messaging app (WebSocket)/Info.plist";
				LD_RUNPATH_SEARCH_PATHS = (
					"$(inherited)",
					"@executable_path/Frameworks",
				);
				PRODUCT_BUNDLE_IDENTIFIER = "com.oleg991.Messaging-app--WebSocket-";
				PRODUCT_NAME = "$(TARGET_NAME)";
				SWIFT_VERSION = 5.0;
				TARGETED_DEVICE_FAMILY = "1,2";
			};
			name = Release;
		};
/* End XCBuildConfiguration section */

/* Begin XCConfigurationList section */
		6750E6B424ADBA1800F25B51 /* Build configuration list for PBXProject "Messaging app (WebSocket)" */ = {
			isa = XCConfigurationList;
			buildConfigurations = (
				6750E6CB24ADBA1A00F25B51 /* Debug */,
				6750E6CC24ADBA1A00F25B51 /* Release */,
			);
			defaultConfigurationIsVisible = 0;
			defaultConfigurationName = Release;
		};
		6750E6CD24ADBA1A00F25B51 /* Build configuration list for PBXNativeTarget "Messaging app (WebSocket)" */ = {
			isa = XCConfigurationList;
			buildConfigurations = (
				6750E6CE24ADBA1A00F25B51 /* Debug */,
				6750E6CF24ADBA1A00F25B51 /* Release */,
			);
			defaultConfigurationIsVisible = 0;
			defaultConfigurationName = Release;
		};
/* End XCConfigurationList section */

/* Begin XCRemoteSwiftPackageReference section */
		6750E6D824ADCECA00F25B51 /* XCRemoteSwiftPackageReference "Starscream" */ = {
			isa = XCRemoteSwiftPackageReference;
			repositoryURL = "https://github.com/daltoniam/Starscream";
			requirement = {
				kind = upToNextMajorVersion;
				minimumVersion = 4.0.3;
			};
		};
		6750E6E124AE378500F25B51 /* XCRemoteSwiftPackageReference "SwiftyJSON" */ = {
			isa = XCRemoteSwiftPackageReference;
			repositoryURL = "https://github.com/SwiftyJSON/SwiftyJSON";
			requirement = {
				kind = upToNextMajorVersion;
				minimumVersion = 5.0.0;
			};
		};
/* End XCRemoteSwiftPackageReference section */

/* Begin XCSwiftPackageProductDependency section */
		6750E6D924ADCECA00F25B51 /* Starscream */ = {
			isa = XCSwiftPackageProductDependency;
			package = 6750E6D824ADCECA00F25B51 /* XCRemoteSwiftPackageReference "Starscream" */;
			productName = Starscream;
		};
		6750E6E224AE378500F25B51 /* SwiftyJSON */ = {
			isa = XCSwiftPackageProductDependency;
			package = 6750E6E124AE378500F25B51 /* XCRemoteSwiftPackageReference "SwiftyJSON" */;
			productName = SwiftyJSON;
		};
/* End XCSwiftPackageProductDependency section */
	};
	rootObject = 6750E6B124ADBA1800F25B51 /* Project object */;
}
